
Microsoft Visual Studio Solution File, Format Version 12.00
# Visual Studio Version 17
VisualStudioVersion = 17.5.002.0
MinimumVisualStudioVersion = 10.0.40219.1
Project("{9A19103F-16F7-4668-BE54-9A1E7A4F7556}") = "Api", "Api.csproj", "{5133E204-9B82-4F31-8422-6710275E5FF9}"
EndProject
Global
	GlobalSection(SolutionConfigurationPlatforms) = preSolution
		Debug|Any CPU = Debug|Any CPU
		Release|Any CPU = Release|Any CPU
	EndGlobalSection
	GlobalSection(ProjectConfigurationPlatforms) = postSolution
		{5133E204-9B82-4F31-8422-6710275E5FF9}.Debug|Any CPU.ActiveCfg = Debug|Any CPU
		{5133E204-9B82-4F31-8422-6710275E5FF9}.Debug|Any CPU.Build.0 = Debug|Any CPU
		{5133E204-9B82-4F31-8422-6710275E5FF9}.Release|Any CPU.ActiveCfg = Release|Any CPU
		{5133E204-9B82-4F31-8422-6710275E5FF9}.Release|Any CPU.Build.0 = Release|Any CPU
	EndGlobalSection
	GlobalSection(SolutionProperties) = preSolution
		HideSolutionNode = FALSE
	EndGlobalSection
	GlobalSection(ExtensibilityGlobals) = postSolution
		SolutionGuid = {1DD75B12-31F6-47A3-B780-10583EF389EB}
	EndGlobalSection
EndGlobal
